# This file is automatically @generated by Cargo.
# It is not intended for manual editing.
version = 3

[[package]]
name = "apng_test"
version = "0.1.0"
dependencies = [
 "zune-png",
]

[[package]]
name = "simd-adler32"
version = "0.3.7"
source = "registry+https://github.com/rust-lang/crates.io-index"
checksum = "d66dc143e6b11c1eddc06d5c423cfc97062865baf299914ab64caa38182078fe"

[[package]]
name = "zune-core"
version = "0.5.0-rc0"
source = "registry+https://github.com/rust-lang/crates.io-index"
checksum = "b1f39d18a5d1b83fe1a3087d2466890ab31558a4f45c4b9011949333056fb950"

[[package]]
name = "zune-inflate"
version = "0.2.54"
source = "registry+https://github.com/rust-lang/crates.io-index"
checksum = "73ab332fe2f6680068f3582b16a24f90ad7096d5d39b974d1c0aff0125116f02"
dependencies = [
 "simd-adler32",
]

[[package]]
name = "zune-png"
version = "0.5.0-rc0"
source = "registry+https://github.com/rust-lang/crates.io-index"
checksum = "a1a7eb85957b2d4acbde9c5511c575ad1aae8e3cde012ca230c77cda13768b60"
dependencies = [
 "zune-core",
 "zune-inflate",
]
